
Microsoft Visual Studio Solution File, Format Version 12.00
# Visual Studio Version 16
VisualStudioVersion = 16.0.30204.135
MinimumVisualStudioVersion = 10.0.40219.1
Project("{FAE04EC0-301F-11D3-BF4B-00C04F79EFBC}") = "startup-timer", "startup-timer.csproj", "{B8634B3C-D579-430B-BD06-D05B53CCB468}"
EndProject
Project("{2150E333-8FDC-42A3-9474-1A3956D46DE8}") = "Solution Items", "Solution Items", "{DF84B164-B2B3-486C-8083-6BA73EC115F2}"
EndProject
Project("{FAE04EC0-301F-11D3-BF4B-00C04F79EFBC}") = "Tests", "Tests\Tests.csproj", "{6E14D259-8581-4E93-A981-BF02B0B61BF8}"
EndProject
Global
	GlobalSection(SolutionConfigurationPlatforms) = preSolution
		Debug|Any CPU = Debug|Any CPU
		Release|Any CPU = Release|Any CPU
	EndGlobalSection
	GlobalSection(ProjectConfigurationPlatforms) = postSolution
		{B8634B3C-D579-430B-BD06-D05B53CCB468}.Debug|Any CPU.ActiveCfg = Debug|Any CPU
		{B8634B3C-D579-430B-BD06-D05B53CCB468}.Debug|Any CPU.Build.0 = Debug|Any CPU
		{B8634B3C-D579-430B-BD06-D05B53CCB468}.Release|Any CPU.ActiveCfg = Release|Any CPU
		{B8634B3C-D579-430B-BD06-D05B53CCB468}.Release|Any CPU.Build.0 = Release|Any CPU
		{6E14D259-8581-4E93-A981-BF02B0B61BF8}.Debug|Any CPU.ActiveCfg = Debug|Any CPU
		{6E14D259-8581-4E93-A981-BF02B0B61BF8}.Debug|Any CPU.Build.0 = Debug|Any CPU
		{6E14D259-8581-4E93-A981-BF02B0B61BF8}.Release|Any CPU.ActiveCfg = Release|Any CPU
		{6E14D259-8581-4E93-A981-BF02B0B61BF8}.Release|Any CPU.Build.0 = Release|Any CPU
	EndGlobalSection
	GlobalSection(SolutionProperties) = preSolution
		HideSolutionNode = FALSE
	EndGlobalSection
	GlobalSection(ExtensibilityGlobals) = postSolution
		SolutionGuid = {A5C0413B-100A-4942-9970-7B28EB3B429C}
	EndGlobalSection
EndGlobal
